
Microsoft Visual Studio Solution File, Format Version 12.00
# Visual Studio Version 17
VisualStudioVersion = 17.7.34031.279
MinimumVisualStudioVersion = 10.0.40219.1
Project("{9A19103F-16F7-4668-BE54-9A1E7A4F7556}") = "Ex01", "Ex01\Ex01.csproj", "{17743689-5640-4F18-8063-DB77F9370A0D}"
EndProject
Project("{FAE04EC0-301F-11D3-BF4B-00C04F79EFBC}") = "Ex02", "Ex02\Ex02.csproj", "{763EAD0A-846B-4E1B-818E-1E54D153BE1D}"
EndProject
Project("{FAE04EC0-301F-11D3-BF4B-00C04F79EFBC}") = "Ex03", "Ex03\Ex03.csproj", "{2E6A7FBD-8D35-4B28-A5AE-AA450BC05C94}"
EndProject
Project("{FAE04EC0-301F-11D3-BF4B-00C04F79EFBC}") = "Ex04", "Ex04\Ex04.csproj", "{6E13B8AE-6861-4C7B-9ACE-D09DF54CB2A7}"
EndProject
Project("{FAE04EC0-301F-11D3-BF4B-00C04F79EFBC}") = "Ex05", "Ex05\Ex05.csproj", "{EB8BACC5-09E8-4F23-86DC-06B82576B7EE}"
EndProject
Project("{FAE04EC0-301F-11D3-BF4B-00C04F79EFBC}") = "Ex06", "Ex06\Ex06.csproj", "{3725D68B-C83F-4418-90D2-A9994C2918E0}"
EndProject
Project("{FAE04EC0-301F-11D3-BF4B-00C04F79EFBC}") = "Ex07", "Ex07\Ex07.csproj", "{380635E5-BB42-45AB-9BBF-161FCC6C5399}"
EndProject
Project("{FAE04EC0-301F-11D3-BF4B-00C04F79EFBC}") = "Ex08", "Ex08\Ex08.csproj", "{F5D417A2-38EE-4B51-9592-C2D3E5F8FC4C}"
EndProject
Project("{FAE04EC0-301F-11D3-BF4B-00C04F79EFBC}") = "Ex09", "Ex09\Ex09.csproj", "{63917E64-7180-4CE0-94DD-D93E68146358}"
EndProject
Project("{FAE04EC0-301F-11D3-BF4B-00C04F79EFBC}") = "Ex10", "Ex10\Ex10.csproj", "{4BBA0D11-041E-4703-B793-C4B9A14FB5FE}"
EndProject
Global
	GlobalSection(SolutionConfigurationPlatforms) = preSolution
		Debug|Any CPU = Debug|Any CPU
		Release|Any CPU = Release|Any CPU
	EndGlobalSection
	GlobalSection(ProjectConfigurationPlatforms) = postSolution
		{17743689-5640-4F18-8063-DB77F9370A0D}.Debug|Any CPU.ActiveCfg = Debug|Any CPU
		{17743689-5640-4F18-8063-DB77F9370A0D}.Debug|Any CPU.Build.0 = Debug|Any CPU
		{17743689-5640-4F18-8063-DB77F9370A0D}.Release|Any CPU.ActiveCfg = Release|Any CPU
		{17743689-5640-4F18-8063-DB77F9370A0D}.Release|Any CPU.Build.0 = Release|Any CPU
		{763EAD0A-846B-4E1B-818E-1E54D153BE1D}.Debug|Any CPU.ActiveCfg = Debug|Any CPU
		{763EAD0A-846B-4E1B-818E-1E54D153BE1D}.Debug|Any CPU.Build.0 = Debug|Any CPU
		{763EAD0A-846B-4E1B-818E-1E54D153BE1D}.Release|Any CPU.ActiveCfg = Release|Any CPU
		{763EAD0A-846B-4E1B-818E-1E54D153BE1D}.Release|Any CPU.Build.0 = Release|Any CPU
		{2E6A7FBD-8D35-4B28-A5AE-AA450BC05C94}.Debug|Any CPU.ActiveCfg = Debug|Any CPU
		{2E6A7FBD-8D35-4B28-A5AE-AA450BC05C94}.Debug|Any CPU.Build.0 = Debug|Any CPU
		{2E6A7FBD-8D35-4B28-A5AE-AA450BC05C94}.Release|Any CPU.ActiveCfg = Release|Any CPU
		{2E6A7FBD-8D35-4B28-A5AE-AA450BC05C94}.Release|Any CPU.Build.0 = Release|Any CPU
		{6E13B8AE-6861-4C7B-9ACE-D09DF54CB2A7}.Debug|Any CPU.ActiveCfg = Debug|Any CPU
		{6E13B8AE-6861-4C7B-9ACE-D09DF54CB2A7}.Debug|Any CPU.Build.0 = Debug|Any CPU
		{6E13B8AE-6861-4C7B-9ACE-D09DF54CB2A7}.Release|Any CPU.ActiveCfg = Release|Any CPU
		{6E13B8AE-6861-4C7B-9ACE-D09DF54CB2A7}.Release|Any CPU.Build.0 = Release|Any CPU
		{EB8BACC5-09E8-4F23-86DC-06B82576B7EE}.Debug|Any CPU.ActiveCfg = Debug|Any CPU
		{EB8BACC5-09E8-4F23-86DC-06B82576B7EE}.Debug|Any CPU.Build.0 = Debug|Any CPU
		{EB8BACC5-09E8-4F23-86DC-06B82576B7EE}.Release|Any CPU.ActiveCfg = Release|Any CPU
		{EB8BACC5-09E8-4F23-86DC-06B82576B7EE}.Release|Any CPU.Build.0 = Release|Any CPU
		{3725D68B-C83F-4418-90D2-A9994C2918E0}.Debug|Any CPU.ActiveCfg = Debug|Any CPU
		{3725D68B-C83F-4418-90D2-A9994C2918E0}.Debug|Any CPU.Build.0 = Debug|Any CPU
		{3725D68B-C83F-4418-90D2-A9994C2918E0}.Release|Any CPU.ActiveCfg = Release|Any CPU
		{3725D68B-C83F-4418-90D2-A9994C2918E0}.Release|Any CPU.Build.0 = Release|Any CPU
		{380635E5-BB42-45AB-9BBF-161FCC6C5399}.Debug|Any CPU.ActiveCfg = Debug|Any CPU
		{380635E5-BB42-45AB-9BBF-161FCC6C5399}.Debug|Any CPU.Build.0 = Debug|Any CPU
		{380635E5-BB42-45AB-9BBF-161FCC6C5399}.Release|Any CPU.ActiveCfg = Release|Any CPU
		{380635E5-BB42-45AB-9BBF-161FCC6C5399}.Release|Any CPU.Build.0 = Release|Any CPU
		{F5D417A2-38EE-4B51-9592-C2D3E5F8FC4C}.Debug|Any CPU.ActiveCfg = Debug|Any CPU
		{F5D417A2-38EE-4B51-9592-C2D3E5F8FC4C}.Debug|Any CPU.Build.0 = Debug|Any CPU
		{F5D417A2-38EE-4B51-9592-C2D3E5F8FC4C}.Release|Any CPU.ActiveCfg = Release|Any CPU
		{F5D417A2-38EE-4B51-9592-C2D3E5F8FC4C}.Release|Any CPU.Build.0 = Release|Any CPU
		{63917E64-7180-4CE0-94DD-D93E68146358}.Debug|Any CPU.ActiveCfg = Debug|Any CPU
		{63917E64-7180-4CE0-94DD-D93E68146358}.Debug|Any CPU.Build.0 = Debug|Any CPU
		{63917E64-7180-4CE0-94DD-D93E68146358}.Release|Any CPU.ActiveCfg = Release|Any CPU
		{63917E64-7180-4CE0-94DD-D93E68146358}.Release|Any CPU.Build.0 = Release|Any CPU
		{4BBA0D11-041E-4703-B793-C4B9A14FB5FE}.Debug|Any CPU.ActiveCfg = Debug|Any CPU
		{4BBA0D11-041E-4703-B793-C4B9A14FB5FE}.Debug|Any CPU.Build.0 = Debug|Any CPU
		{4BBA0D11-041E-4703-B793-C4B9A14FB5FE}.Release|Any CPU.ActiveCfg = Release|Any CPU
		{4BBA0D11-041E-4703-B793-C4B9A14FB5FE}.Release|Any CPU.Build.0 = Release|Any CPU
	EndGlobalSection
	GlobalSection(SolutionProperties) = preSolution
		HideSolutionNode = FALSE
	EndGlobalSection
	GlobalSection(ExtensibilityGlobals) = postSolution
		SolutionGuid = {AAAEB610-63AD-4B9F-94F0-C53DC5CE031E}
	EndGlobalSection
EndGlobal
